// !$*UTF8*$!
{
	archiveVersion = 1;
	classes = {
	};
	objectVersion = 46;
	objects = {

/* Begin PBXBuildFile section */
		429A815019EF836800AE842E /* main.m in Sources */ = {isa = PBXBuildFile; fileRef = 429A814F19EF836800AE842E /* main.m */; };
		429A815319EF836800AE842E /* AppDelegate.m in Sources */ = {isa = PBXBuildFile; fileRef = 429A815219EF836800AE842E /* AppDelegate.m */; };
		429A815619EF836800AE842E /* ViewController.m in Sources */ = {isa = PBXBuildFile; fileRef = 429A815519EF836800AE842E /* ViewController.m */; };
		429A815919EF836800AE842E /* Main.storyboard in Resources */ = {isa = PBXBuildFile; fileRef = 429A815719EF836800AE842E /* Main.storyboard */; };
		429A815B19EF836800AE842E /* Images.xcassets in Resources */ = {isa = PBXBuildFile; fileRef = 429A815A19EF836800AE842E /* Images.xcassets */; };
		429A815E19EF836800AE842E /* LaunchScreen.xib in Resources */ = {isa = PBXBuildFile; fileRef = 429A815C19EF836800AE842E /* LaunchScreen.xib */; };
		429A816A19EF836800AE842E /* IntergalacticTravelTests.m in Sources */ = {isa = PBXBuildFile; fileRef = 429A816919EF836800AE842E /* IntergalacticTravelTests.m */; };
		429A817519EF90F000AE842E /* VacationViewController.m in Sources */ = {isa = PBXBuildFile; fileRef = 429A817419EF90F000AE842E /* VacationViewController.m */; };
/* End PBXBuildFile section */

/* Begin PBXContainerItemProxy section */
		429A816419EF836800AE842E /* PBXContainerItemProxy */ = {
			isa = PBXContainerItemProxy;
			containerPortal = 429A814219EF836700AE842E /* Project object */;
			proxyType = 1;
			remoteGlobalIDString = 429A814919EF836800AE842E;
			remoteInfo = IntergalacticTravel;
		};
/* End PBXContainerItemProxy section */

/* Begin PBXFileReference section */
		429A814A19EF836800AE842E /* IntergalacticTravel.app */ = {isa = PBXFileReference; explicitFileType = wrapper.application; includeInIndex = 0; path = IntergalacticTravel.app; sourceTree = BUILT_PRODUCTS_DIR; };
		429A814E19EF836800AE842E /* Info.plist */ = {isa = PBXFileReference; lastKnownFileType = text.plist.xml; path = Info.plist; sourceTree = "<group>"; };
		429A814F19EF836800AE842E /* main.m */ = {isa = PBXFileReference; lastKnownFileType = sourcecode.c.objc; path = main.m; sourceTree = "<group>"; };
		429A815119EF836800AE842E /* AppDelegate.h */ = {isa = PBXFileReference; lastKnownFileType = sourcecode.c.h; path = AppDelegate.h; sourceTree = "<group>"; };
		429A815219EF836800AE842E /* AppDelegate.m */ = {isa = PBXFileReference; lastKnownFileType = sourcecode.c.objc; path = AppDelegate.m; sourceTree = "<group>"; };
		429A815419EF836800AE842E /* ViewController.h */ = {isa = PBXFileReference; lastKnownFileType = sourcecode.c.h; path = ViewController.h; sourceTree = "<group>"; };
		429A815519EF836800AE842E /* ViewController.m */ = {isa = PBXFileReference; lastKnownFileType = sourcecode.c.objc; path = ViewController.m; sourceTree = "<group>"; };
		429A815819EF836800AE842E /* Base */ = {isa = PBXFileReference; lastKnownFileType = file.storyboard; name = Base; path = Base.lproj/Main.storyboard; sourceTree = "<group>"; };
		429A815A19EF836800AE842E /* Images.xcassets */ = {isa = PBXFileReference; lastKnownFileType = folder.assetcatalog; path = Images.xcassets; sourceTree = "<group>"; };
		429A815D19EF836800AE842E /* Base */ = {isa = PBXFileReference; lastKnownFileType = file.xib; name = Base; path = Base.lproj/LaunchScreen.xib; sourceTree = "<group>"; };
		429A816319EF836800AE842E /* IntergalacticTravelTests.xctest */ = {isa = PBXFileReference; explicitFileType = wrapper.cfbundle; includeInIndex = 0; path = IntergalacticTravelTests.xctest; sourceTree = BUILT_PRODUCTS_DIR; };
		429A816819EF836800AE842E /* Info.plist */ = {isa = PBXFileReference; lastKnownFileType = text.plist.xml; path = Info.plist; sourceTree = "<group>"; };
		429A816919EF836800AE842E /* IntergalacticTravelTests.m */ = {isa = PBXFileReference; lastKnownFileType = sourcecode.c.objc; path = IntergalacticTravelTests.m; sourceTree = "<group>"; };
		429A817319EF90F000AE842E /* VacationViewController.h */ = {isa = PBXFileReference; fileEncoding = 4; lastKnownFileType = sourcecode.c.h; path = VacationViewController.h; sourceTree = "<group>"; };
		429A817419EF90F000AE842E /* VacationViewController.m */ = {isa = PBXFileReference; fileEncoding = 4; lastKnownFileType = sourcecode.c.objc; path = VacationViewController.m; sourceTree = "<group>"; };
/* End PBXFileReference section */

/* Begin PBXFrameworksBuildPhase section */
		429A814719EF836800AE842E /* Frameworks */ = {
			isa = PBXFrameworksBuildPhase;
			buildActionMask = 2147483647;
			files = (
			);
			runOnlyForDeploymentPostprocessing = 0;
		};
		429A816019EF836800AE842E /* Frameworks */ = {
			isa = PBXFrameworksBuildPhase;
			buildActionMask = 2147483647;
			files = (
			);
			runOnlyForDeploymentPostprocessing = 0;
		};
/* End PBXFrameworksBuildPhase section */

/* Begin PBXGroup section */
		429A814119EF836700AE842E = {
			isa = PBXGroup;
			children = (
				429A814C19EF836800AE842E /* IntergalacticTravel */,
				429A816619EF836800AE842E /* IntergalacticTravelTests */,
				429A814B19EF836800AE842E /* Products */,
			);
			sourceTree = "<group>";
		};
		429A814B19EF836800AE842E /* Products */ = {
			isa = PBXGroup;
			children = (
				429A814A19EF836800AE842E /* IntergalacticTravel.app */,
				429A816319EF836800AE842E /* IntergalacticTravelTests.xctest */,
			);
			name = Products;
			sourceTree = "<group>";
		};
		429A814C19EF836800AE842E /* IntergalacticTravel */ = {
			isa = PBXGroup;
			children = (
				429A815119EF836800AE842E /* AppDelegate.h */,
				429A815219EF836800AE842E /* AppDelegate.m */,
				429A815419EF836800AE842E /* ViewController.h */,
				429A815519EF836800AE842E /* ViewController.m */,
				429A815719EF836800AE842E /* Main.storyboard */,
				429A815A19EF836800AE842E /* Images.xcassets */,
				429A817319EF90F000AE842E /* VacationViewController.h */,
				429A817419EF90F000AE842E /* VacationViewController.m */,
				429A815C19EF836800AE842E /* LaunchScreen.xib */,
				429A814D19EF836800AE842E /* Supporting Files */,
			);
			path = IntergalacticTravel;
			sourceTree = "<group>";
		};
		429A814D19EF836800AE842E /* Supporting Files */ = {
			isa = PBXGroup;
			children = (
				429A814E19EF836800AE842E /* Info.plist */,
				429A814F19EF836800AE842E /* main.m */,
			);
			name = "Supporting Files";
			sourceTree = "<group>";
		};
		429A816619EF836800AE842E /* IntergalacticTravelTests */ = {
			isa = PBXGroup;
			children = (
				429A816919EF836800AE842E /* IntergalacticTravelTests.m */,
				429A816719EF836800AE842E /* Supporting Files */,
			);
			path = IntergalacticTravelTests;
			sourceTree = "<group>";
		};
		429A816719EF836800AE842E /* Supporting Files */ = {
			isa = PBXGroup;
			children = (
				429A816819EF836800AE842E /* Info.plist */,
			);
			name = "Supporting Files";
			sourceTree = "<group>";
		};
/* End PBXGroup section */

/* Begin PBXNativeTarget section */
		429A814919EF836800AE842E /* IntergalacticTravel */ = {
			isa = PBXNativeTarget;
			buildConfigurationList = 429A816D19EF836800AE842E /* Build configuration list for PBXNativeTarget "IntergalacticTravel" */;
			buildPhases = (
				429A814619EF836800AE842E /* Sources */,
				429A814719EF836800AE842E /* Frameworks */,
				429A814819EF836800AE842E /* Resources */,
			);
			buildRules = (
			);
			dependencies = (
			);
			name = IntergalacticTravel;
			productName = IntergalacticTravel;
			productReference = 429A814A19EF836800AE842E /* IntergalacticTravel.app */;
			productType = "com.apple.product-type.application";
		};
		429A816219EF836800AE842E /* IntergalacticTravelTests */ = {
			isa = PBXNativeTarget;
			buildConfigurationList = 429A817019EF836800AE842E /* Build configuration list for PBXNativeTarget "IntergalacticTravelTests" */;
			buildPhases = (
				429A815F19EF836800AE842E /* Sources */,
				429A816019EF836800AE842E /* Frameworks */,
				429A816119EF836800AE842E /* Resources */,
			);
			buildRules = (
			);
			dependencies = (
				429A816519EF836800AE842E /* PBXTargetDependency */,
			);
			name = IntergalacticTravelTests;
			productName = IntergalacticTravelTests;
			productReference = 429A816319EF836800AE842E /* IntergalacticTravelTests.xctest */;
			productType = "com.apple.product-type.bundle.unit-test";
		};
/* End PBXNativeTarget section */

/* Begin PBXProject section */
		429A814219EF836700AE842E /* Project object */ = {
			isa = PBXProject;
			attributes = {
				LastUpgradeCheck = 0600;
				ORGANIZATIONNAME = parry;
				TargetAttributes = {
					429A814919EF836800AE842E = {
						CreatedOnToolsVersion = 6.0.1;
					};
					429A816219EF836800AE842E = {
						CreatedOnToolsVersion = 6.0.1;
						TestTargetID = 429A814919EF836800AE842E;
					};
				};
			};
			buildConfigurationList = 429A814519EF836700AE842E /* Build configuration list for PBXProject "IntergalacticTravel" */;
			compatibilityVersion = "Xcode 3.2";
			developmentRegion = English;
			hasScannedForEncodings = 0;
			knownRegions = (
				en,
				Base,
			);
			mainGroup = 429A814119EF836700AE842E;
			productRefGroup = 429A814B19EF836800AE842E /* Products */;
			projectDirPath = "";
			projectRoot = "";
			targets = (
				429A814919EF836800AE842E /* IntergalacticTravel */,
				429A816219EF836800AE842E /* IntergalacticTravelTests */,
			);
		};
/* End PBXProject section */

/* Begin PBXResourcesBuildPhase section */
		429A814819EF836800AE842E /* Resources */ = {
			isa = PBXResourcesBuildPhase;
			buildActionMask = 2147483647;
			files = (
				429A815919EF836800AE842E /* Main.storyboard in Resources */,
				429A815E19EF836800AE842E /* LaunchScreen.xib in Resources */,
				429A815B19EF836800AE842E /* Images.xcassets in Resources */,
			);
			runOnlyForDeploymentPostprocessing = 0;
		};
		429A816119EF836800AE842E /* Resources */ = {
			isa = PBXResourcesBuildPhase;
			buildActionMask = 2147483647;
			files = (
			);
			runOnlyForDeploymentPostprocessing = 0;
		};
/* End PBXResourcesBuildPhase section */

/* Begin PBXSourcesBuildPhase section */
		429A814619EF836800AE842E /* Sources */ = {
			isa = PBXSourcesBuildPhase;
			buildActionMask = 2147483647;
			files = (
				429A815619EF836800AE842E /* ViewController.m in Sources */,
				429A815319EF836800AE842E /* AppDelegate.m in Sources */,
				429A815019EF836800AE842E /* main.m in Sources */,
				429A817519EF90F000AE842E /* VacationViewController.m in Sources */,
			);
			runOnlyForDeploymentPostprocessing = 0;
		};
		429A815F19EF836800AE842E /* Sources */ = {
			isa = PBXSourcesBuildPhase;
			buildActionMask = 2147483647;
			files = (
				429A816A19EF836800AE842E /* IntergalacticTravelTests.m in Sources */,
			);
			runOnlyForDeploymentPostprocessing = 0;
		};
/* End PBXSourcesBuildPhase section */

/* Begin PBXTargetDependency section */
		429A816519EF836800AE842E /* PBXTargetDependency */ = {
			isa = PBXTargetDependency;
			target = 429A814919EF836800AE842E /* IntergalacticTravel */;
			targetProxy = 429A816419EF836800AE842E /* PBXContainerItemProxy */;
		};
/* End PBXTargetDependency section */

/* Begin PBXVariantGroup section */
		429A815719EF836800AE842E /* Main.storyboard */ = {
			isa = PBXVariantGroup;
			children = (
				429A815819EF836800AE842E /* Base */,
			);
			name = Main.storyboard;
			sourceTree = "<group>";
		};
		429A815C19EF836800AE842E /* LaunchScreen.xib */ = {
			isa = PBXVariantGroup;
			children = (
				429A815D19EF836800AE842E /* Base */,
			);
			name = LaunchScreen.xib;
			sourceTree = "<group>";
		};
/* End PBXVariantGroup section */

/* Begin XCBuildConfiguration section */
		429A816B19EF836800AE842E /* Debug */ = {
			isa = XCBuildConfiguration;
			buildSettings = {
				ALWAYS_SEARCH_USER_PATHS = NO;
				CLANG_CXX_LANGUAGE_STANDARD = "gnu++0x";
				CLANG_CXX_LIBRARY = "libc++";
				CLANG_ENABLE_MODULES = YES;
				CLANG_ENABLE_OBJC_ARC = YES;
				CLANG_WARN_BOOL_CONVERSION = YES;
				CLANG_WARN_CONSTANT_CONVERSION = YES;
				CLANG_WARN_DIRECT_OBJC_ISA_USAGE = YES_ERROR;
				CLANG_WARN_EMPTY_BODY = YES;
				CLANG_WARN_ENUM_CONVERSION = YES;
				CLANG_WARN_INT_CONVERSION = YES;
				CLANG_WARN_OBJC_ROOT_CLASS = YES_ERROR;
				CLANG_WARN_UNREACHABLE_CODE = YES;
				CLANG_WARN__DUPLICATE_METHOD_MATCH = YES;
				"CODE_SIGN_IDENTITY[sdk=iphoneos*]" = "iPhone Developer";
				COPY_PHASE_STRIP = NO;
				ENABLE_STRICT_OBJC_MSGSEND = YES;
				GCC_C_LANGUAGE_STANDARD = gnu99;
				GCC_DYNAMIC_NO_PIC = NO;
				GCC_OPTIMIZATION_LEVEL = 0;
				GCC_PREPROCESSOR_DEFINITIONS = (
					"DEBUG=1",
					"$(inherited)",
				);
				GCC_SYMBOLS_PRIVATE_EXTERN = NO;
				GCC_WARN_64_TO_32_BIT_CONVERSION = YES;
				GCC_WARN_ABOUT_RETURN_TYPE = YES_ERROR;
				GCC_WARN_UNDECLARED_SELECTOR = YES;
				GCC_WARN_UNINITIALIZED_AUTOS = YES_AGGRESSIVE;
				GCC_WARN_UNUSED_FUNCTION = YES;
				GCC_WARN_UNUSED_VARIABLE = YES;
				IPHONEOS_DEPLOYMENT_TARGET = 8.0;
				MTL_ENABLE_DEBUG_INFO = YES;
				ONLY_ACTIVE_ARCH = YES;
				SDKROOT = iphoneos;
			};
			name = Debug;
		};
		429A816C19EF836800AE842E /* Release */ = {
			isa = XCBuildConfiguration;
			buildSettings = {
				ALWAYS_SEARCH_USER_PATHS = NO;
				CLANG_CXX_LANGUAGE_STANDARD = "gnu++0x";
				CLANG_CXX_LIBRARY = "libc++";
				CLANG_ENABLE_MODULES = YES;
				CLANG_ENABLE_OBJC_ARC = YES;
				CLANG_WARN_BOOL_CONVERSION = YES;
				CLANG_WARN_CONSTANT_CONVERSION = YES;
				CLANG_WARN_DIRECT_OBJC_ISA_USAGE = YES_ERROR;
				CLANG_WARN_EMPTY_BODY = YES;
				CLANG_WARN_ENUM_CONVERSION = YES;
				CLANG_WARN_INT_CONVERSION = YES;
				CLANG_WARN_OBJC_ROOT_CLASS = YES_ERROR;
				CLANG_WARN_UNREACHABLE_CODE = YES;
				CLANG_WARN__DUPLICATE_METHOD_MATCH = YES;
				"CODE_SIGN_IDENTITY[sdk=iphoneos*]" = "iPhone Developer";
				COPY_PHASE_STRIP = YES;
				ENABLE_NS_ASSERTIONS = NO;
				ENABLE_STRICT_OBJC_MSGSEND = YES;
				GCC_C_LANGUAGE_STANDARD = gnu99;
				GCC_WARN_64_TO_32_BIT_CONVERSION = YES;
				GCC_WARN_ABOUT_RETURN_TYPE = YES_ERROR;
				GCC_WARN_UNDECLARED_SELECTOR = YES;
				GCC_WARN_UNINITIALIZED_AUTOS = YES_AGGRESSIVE;
				GCC_WARN_UNUSED_FUNCTION = YES;
				GCC_WARN_UNUSED_VARIABLE = YES;
				IPHONEOS_DEPLOYMENT_TARGET = 8.0;
				MTL_ENABLE_DEBUG_INFO = NO;
				SDKROOT = iphoneos;
				VALIDATE_PRODUCT = YES;
			};
			name = Release;
		};
		429A816E19EF836800AE842E /* Debug */ = {
			isa = XCBuildConfiguration;
			buildSettings = {
				ASSETCATALOG_COMPILER_APPICON_NAME = AppIcon;
				INFOPLIST_FILE = IntergalacticTravel/Info.plist;
				LD_RUNPATH_SEARCH_PATHS = "$(inherited) @executable_path/Frameworks";
				PRODUCT_NAME = "$(TARGET_NAME)";
			};
			name = Debug;
		};
		429A816F19EF836800AE842E /* Release */ = {
			isa = XCBuildConfiguration;
			buildSettings = {
				ASSETCATALOG_COMPILER_APPICON_NAME = AppIcon;
				INFOPLIST_FILE = IntergalacticTravel/Info.plist;
				LD_RUNPATH_SEARCH_PATHS = "$(inherited) @executable_path/Frameworks";
				PRODUCT_NAME = "$(TARGET_NAME)";
			};
			name = Release;
		};
		429A817119EF836800AE842E /* Debug */ = {
			isa = XCBuildConfiguration;
			buildSettings = {
				BUNDLE_LOADER = "$(TEST_HOST)";
				FRAMEWORK_SEARCH_PATHS = (
					"$(SDKROOT)/Developer/Library/Frameworks",
					"$(inherited)",
				);
				GCC_PREPROCESSOR_DEFINITIONS = (
					"DEBUG=1",
					"$(inherited)",
				);
				INFOPLIST_FILE = IntergalacticTravelTests/Info.plist;
				LD_RUNPATH_SEARCH_PATHS = "$(inherited) @executable_path/Frameworks @loader_path/Frameworks";
				PRODUCT_NAME = "$(TARGET_NAME)";
				TEST_HOST = "$(BUILT_PRODUCTS_DIR)/IntergalacticTravel.app/IntergalacticTravel";
			};
			name = Debug;
		};
		429A817219EF836800AE842E /* Release */ = {
			isa = XCBuildConfiguration;
			buildSettings = {
				BUNDLE_LOADER = "$(TEST_HOST)";
				FRAMEWORK_SEARCH_PATHS = (
					"$(SDKROOT)/Developer/Library/Frameworks",
					"$(inherited)",
				);
				INFOPLIST_FILE = IntergalacticTravelTests/Info.plist;
				LD_RUNPATH_SEARCH_PATHS = "$(inherited) @executable_path/Frameworks @loader_path/Frameworks";
				PRODUCT_NAME = "$(TARGET_NAME)";
				TEST_HOST = "$(BUILT_PRODUCTS_DIR)/IntergalacticTravel.app/IntergalacticTravel";
			};
			name = Release;
		};
/* End XCBuildConfiguration section */

/* Begin XCConfigurationList section */
		429A814519EF836700AE842E /* Build configuration list for PBXProject "IntergalacticTravel" */ = {
			isa = XCConfigurationList;
			buildConfigurations = (
				429A816B19EF836800AE842E /* Debug */,
				429A816C19EF836800AE842E /* Release */,
			);
			defaultConfigurationIsVisible = 0;
			defaultConfigurationName = Release;
		};
		429A816D19EF836800AE842E /* Build configuration list for PBXNativeTarget "IntergalacticTravel" */ = {
			isa = XCConfigurationList;
			buildConfigurations = (
				429A816E19EF836800AE842E /* Debug */,
				429A816F19EF836800AE842E /* Release */,
			);
			defaultConfigurationIsVisible = 0;
		};
		429A817019EF836800AE842E /* Build configuration list for PBXNativeTarget "IntergalacticTravelTests" */ = {
			isa = XCConfigurationList;
			buildConfigurations = (
				429A817119EF836800AE842E /* Debug */,
				429A817219EF836800AE842E /* Release */,
			);
			defaultConfigurationIsVisible = 0;
		};
/* End XCConfigurationList section */
	};
	rootObject = 429A814219EF836700AE842E /* Project object */;
}
